
Microsoft Visual Studio Solution File, Format Version 12.00
# Visual Studio Version 17
VisualStudioVersion = 17.14.36603.0
MinimumVisualStudioVersion = 10.0.40219.1
Project("{FAE04EC0-301F-11D3-BF4B-00C04F79EFBC}") = "FsElements.Auth", "FsElements.Auth\FsElements.Auth.csproj", "{CB0447A6-31E4-4ADB-8AC5-330CC582AFDA}"
EndProject
Project("{FAE04EC0-301F-11D3-BF4B-00C04F79EFBC}") = "FsElements.Common", "FsElements.Common\FsElements.Common.csproj", "{F7C836B4-FE3A-49F8-BF24-9CC6F2FFBA84}"
EndProject
Project("{FAE04EC0-301F-11D3-BF4B-00C04F79EFBC}") = "FsElements.FormsApi", "FsElements.FormsApi\FsElements.FormsApi.csproj", "{00E369CE-1DF4-4FA9-8C5D-5EA012DF4BC5}"
EndProject
Project("{FAE04EC0-301F-11D3-BF4B-00C04F79EFBC}") = "FsElements.FrontAdmin", "FsElements.FrontAdmin\FsElements.FrontAdmin.csproj", "{455ED4B9-BCA9-4D7B-B5CF-B0AD9113EBA9}"
EndProject
Project("{FAE04EC0-301F-11D3-BF4B-00C04F79EFBC}") = "FsElements.OrdersApi", "FsElements.OrdersApi\FsElements.OrdersApi.csproj", "{EBADEFB7-5881-4DDE-9A88-FC009CD0182A}"
EndProject
Project("{E53339B2-1760-4266-BCC7-CA923CBCF16C}") = "docker-compose", "docker-compose.dcproj", "{81DDED9D-158B-E303-5F62-77A2896D2A5A}"
EndProject
Project("{FAE04EC0-301F-11D3-BF4B-00C04F79EFBC}") = "FsElements.ElementsApi", "FsElements.ElementsApi\FsElements.ElementsApi.csproj", "{C57595AB-39E9-460A-84C9-A208CD22ECE0}"
EndProject
Global
	GlobalSection(SolutionConfigurationPlatforms) = preSolution
		Debug|Any CPU = Debug|Any CPU
		Release|Any CPU = Release|Any CPU
	EndGlobalSection
	GlobalSection(ProjectConfigurationPlatforms) = postSolution
		{CB0447A6-31E4-4ADB-8AC5-330CC582AFDA}.Debug|Any CPU.ActiveCfg = Debug|Any CPU
		{CB0447A6-31E4-4ADB-8AC5-330CC582AFDA}.Debug|Any CPU.Build.0 = Debug|Any CPU
		{CB0447A6-31E4-4ADB-8AC5-330CC582AFDA}.Release|Any CPU.ActiveCfg = Release|Any CPU
		{CB0447A6-31E4-4ADB-8AC5-330CC582AFDA}.Release|Any CPU.Build.0 = Release|Any CPU
		{F7C836B4-FE3A-49F8-BF24-9CC6F2FFBA84}.Debug|Any CPU.ActiveCfg = Debug|Any CPU
		{F7C836B4-FE3A-49F8-BF24-9CC6F2FFBA84}.Debug|Any CPU.Build.0 = Debug|Any CPU
		{F7C836B4-FE3A-49F8-BF24-9CC6F2FFBA84}.Release|Any CPU.ActiveCfg = Release|Any CPU
		{F7C836B4-FE3A-49F8-BF24-9CC6F2FFBA84}.Release|Any CPU.Build.0 = Release|Any CPU
		{00E369CE-1DF4-4FA9-8C5D-5EA012DF4BC5}.Debug|Any CPU.ActiveCfg = Debug|Any CPU
		{00E369CE-1DF4-4FA9-8C5D-5EA012DF4BC5}.Debug|Any CPU.Build.0 = Debug|Any CPU
		{00E369CE-1DF4-4FA9-8C5D-5EA012DF4BC5}.Release|Any CPU.ActiveCfg = Release|Any CPU
		{00E369CE-1DF4-4FA9-8C5D-5EA012DF4BC5}.Release|Any CPU.Build.0 = Release|Any CPU
		{455ED4B9-BCA9-4D7B-B5CF-B0AD9113EBA9}.Debug|Any CPU.ActiveCfg = Debug|Any CPU
		{455ED4B9-BCA9-4D7B-B5CF-B0AD9113EBA9}.Debug|Any CPU.Build.0 = Debug|Any CPU
		{455ED4B9-BCA9-4D7B-B5CF-B0AD9113EBA9}.Release|Any CPU.ActiveCfg = Release|Any CPU
		{455ED4B9-BCA9-4D7B-B5CF-B0AD9113EBA9}.Release|Any CPU.Build.0 = Release|Any CPU
		{EBADEFB7-5881-4DDE-9A88-FC009CD0182A}.Debug|Any CPU.ActiveCfg = Debug|Any CPU
		{EBADEFB7-5881-4DDE-9A88-FC009CD0182A}.Debug|Any CPU.Build.0 = Debug|Any CPU
		{EBADEFB7-5881-4DDE-9A88-FC009CD0182A}.Release|Any CPU.ActiveCfg = Release|Any CPU
		{EBADEFB7-5881-4DDE-9A88-FC009CD0182A}.Release|Any CPU.Build.0 = Release|Any CPU
		{81DDED9D-158B-E303-5F62-77A2896D2A5A}.Debug|Any CPU.ActiveCfg = Debug|Any CPU
		{81DDED9D-158B-E303-5F62-77A2896D2A5A}.Debug|Any CPU.Build.0 = Debug|Any CPU
		{81DDED9D-158B-E303-5F62-77A2896D2A5A}.Release|Any CPU.ActiveCfg = Release|Any CPU
		{81DDED9D-158B-E303-5F62-77A2896D2A5A}.Release|Any CPU.Build.0 = Release|Any CPU
		{C57595AB-39E9-460A-84C9-A208CD22ECE0}.Debug|Any CPU.ActiveCfg = Debug|Any CPU
		{C57595AB-39E9-460A-84C9-A208CD22ECE0}.Debug|Any CPU.Build.0 = Debug|Any CPU
		{C57595AB-39E9-460A-84C9-A208CD22ECE0}.Release|Any CPU.ActiveCfg = Release|Any CPU
		{C57595AB-39E9-460A-84C9-A208CD22ECE0}.Release|Any CPU.Build.0 = Release|Any CPU
	EndGlobalSection
	GlobalSection(SolutionProperties) = preSolution
		HideSolutionNode = FALSE
	EndGlobalSection
	GlobalSection(ExtensibilityGlobals) = postSolution
		SolutionGuid = {B88F1D9D-3F1B-4B06-B729-ADC4B01DEE05}
	EndGlobalSection
EndGlobal
